
Microsoft Visual Studio Solution File, Format Version 12.00
# Visual Studio Version 17
VisualStudioVersion = 17.4.33205.214
MinimumVisualStudioVersion = 10.0.40219.1
Project("{FAE04EC0-301F-11D3-BF4B-00C04F79EFBC}") = "QLQuanCaFe", "QLQuanCaFe\QLQuanCaFe.csproj", "{2D2BA2A0-D934-4722-93B6-A020D9D209EA}"
EndProject
Project("{FAE04EC0-301F-11D3-BF4B-00C04F79EFBC}") = "ThuVien", "ThuVien\ThuVien.csproj", "{DAECD494-6EF2-4361-97D0-ACD904D16C1D}"
EndProject
Project("{FAE04EC0-301F-11D3-BF4B-00C04F79EFBC}") = "Dynamic Controls", "Dynamic Controls\Dynamic Controls.csproj", "{98CE1164-5ABD-476E-A0DB-ABF837D6F5E2}"
EndProject
Project("{FAE04EC0-301F-11D3-BF4B-00C04F79EFBC}") = "DAL_BLL", "DAL_BLL\DAL_BLL.csproj", "{F17FA15E-23B1-4F79-BAAE-B2B0E3B1F35E}"
EndProject
Global
	GlobalSection(SolutionConfigurationPlatforms) = preSolution
		Debug|Any CPU = Debug|Any CPU
		Release|Any CPU = Release|Any CPU
	EndGlobalSection
	GlobalSection(ProjectConfigurationPlatforms) = postSolution
		{2D2BA2A0-D934-4722-93B6-A020D9D209EA}.Debug|Any CPU.ActiveCfg = Debug|Any CPU
		{2D2BA2A0-D934-4722-93B6-A020D9D209EA}.Debug|Any CPU.Build.0 = Debug|Any CPU
		{2D2BA2A0-D934-4722-93B6-A020D9D209EA}.Release|Any CPU.ActiveCfg = Release|Any CPU
		{2D2BA2A0-D934-4722-93B6-A020D9D209EA}.Release|Any CPU.Build.0 = Release|Any CPU
		{DAECD494-6EF2-4361-97D0-ACD904D16C1D}.Debug|Any CPU.ActiveCfg = Debug|Any CPU
		{DAECD494-6EF2-4361-97D0-ACD904D16C1D}.Debug|Any CPU.Build.0 = Debug|Any CPU
		{DAECD494-6EF2-4361-97D0-ACD904D16C1D}.Release|Any CPU.ActiveCfg = Release|Any CPU
		{DAECD494-6EF2-4361-97D0-ACD904D16C1D}.Release|Any CPU.Build.0 = Release|Any CPU
		{98CE1164-5ABD-476E-A0DB-ABF837D6F5E2}.Debug|Any CPU.ActiveCfg = Debug|Any CPU
		{98CE1164-5ABD-476E-A0DB-ABF837D6F5E2}.Debug|Any CPU.Build.0 = Debug|Any CPU
		{98CE1164-5ABD-476E-A0DB-ABF837D6F5E2}.Release|Any CPU.ActiveCfg = Release|Any CPU
		{98CE1164-5ABD-476E-A0DB-ABF837D6F5E2}.Release|Any CPU.Build.0 = Release|Any CPU
		{F17FA15E-23B1-4F79-BAAE-B2B0E3B1F35E}.Debug|Any CPU.ActiveCfg = Debug|Any CPU
		{F17FA15E-23B1-4F79-BAAE-B2B0E3B1F35E}.Debug|Any CPU.Build.0 = Debug|Any CPU
		{F17FA15E-23B1-4F79-BAAE-B2B0E3B1F35E}.Release|Any CPU.ActiveCfg = Release|Any CPU
		{F17FA15E-23B1-4F79-BAAE-B2B0E3B1F35E}.Release|Any CPU.Build.0 = Release|Any CPU
	EndGlobalSection
	GlobalSection(SolutionProperties) = preSolution
		HideSolutionNode = FALSE
	EndGlobalSection
	GlobalSection(ExtensibilityGlobals) = postSolution
		SolutionGuid = {39245ABC-726B-4C7D-BAF5-FA92DE52C0EA}
	EndGlobalSection
EndGlobal
